{
  "requires": true,
  "lockfileVersion": 1,
  "dependencies": {
    "joi-browser": {
      "version": "13.4.0",
      "resolved": "https://registry.npmjs.org/joi-browser/-/joi-browser-13.4.0.tgz",
      "integrity": "sha512-TfzJd2JaJ/lg/gU+q5j9rLAjnfUNF9DUmXTP9w+GfmG79LjFOXFeM7hIFuXCBcZCivUDFwd9l1btTV9rhHumtQ=="
    }
  }
}
