{
  "requires": true,
  "lockfileVersion": 1,
  "dependencies": {
    "react-recaptcha": {
      "version": "2.3.10",
      "resolved": "https://registry.npmjs.org/react-recaptcha/-/react-recaptcha-2.3.10.tgz",
      "integrity": "sha512-IyanbozsYCuHvTYDuskZTIEcRAMG/sdvAu5b29iQWoC8Kd3Zk9WGCv2oNxh6RfGHvSvgHAyaLjmC6ei/yMsJ7g=="
    }
  }
}
